
Microsoft Visual Studio Solution File, Format Version 12.00
# Visual Studio 2012
Project("{FAE04EC0-301F-11D3-BF4B-00C04F79EFBC}") = "com.MediaRaq.WebUI", "com.MediaRaq.WebUI\com.MediaRaq.WebUI.csproj", "{EFAFD210-E5E0-4B41-8A93-E1BABD414453}"
EndProject
Global
	GlobalSection(SolutionConfigurationPlatforms) = preSolution
		Debug|Any CPU = Debug|Any CPU
		Release|Any CPU = Release|Any CPU
	EndGlobalSection
	GlobalSection(ProjectConfigurationPlatforms) = postSolution
		{EFAFD210-E5E0-4B41-8A93-E1BABD414453}.Debug|Any CPU.ActiveCfg = Debug|Any CPU
		{EFAFD210-E5E0-4B41-8A93-E1BABD414453}.Debug|Any CPU.Build.0 = Debug|Any CPU
		{EFAFD210-E5E0-4B41-8A93-E1BABD414453}.Release|Any CPU.ActiveCfg = Release|Any CPU
		{EFAFD210-E5E0-4B41-8A93-E1BABD414453}.Release|Any CPU.Build.0 = Release|Any CPU
	EndGlobalSection
EndGlobal
